// !$*UTF8*$!
{
	archiveVersion = 1;
	classes = {
	};
	objectVersion = 46;
	objects = {

/* Begin PBXBuildFile section */
		68F40AC0B743CAAA0148536E /* libPods.a in Frameworks */ = {isa = PBXBuildFile; fileRef = 76DD7ED0840DE2DB7C3F13A5 /* libPods.a */; };
		7607D4821B3F95B3002787A6 /* HomeViewController.m in Sources */ = {isa = PBXBuildFile; fileRef = 7607D4811B3F95B3002787A6 /* HomeViewController.m */; };
		7608215D1B3E869200B57C5D /* main.m in Sources */ = {isa = PBXBuildFile; fileRef = 7608215C1B3E869200B57C5D /* main.m */; };
		760821601B3E869200B57C5D /* AppDelegate.m in Sources */ = {isa = PBXBuildFile; fileRef = 7608215F1B3E869200B57C5D /* AppDelegate.m */; };
		760821631B3E869200B57C5D /* ViewController.m in Sources */ = {isa = PBXBuildFile; fileRef = 760821621B3E869200B57C5D /* ViewController.m */; };
		760821661B3E869200B57C5D /* Main.storyboard in Resources */ = {isa = PBXBuildFile; fileRef = 760821641B3E869200B57C5D /* Main.storyboard */; };
		760821681B3E869200B57C5D /* Images.xcassets in Resources */ = {isa = PBXBuildFile; fileRef = 760821671B3E869200B57C5D /* Images.xcassets */; };
		7608216B1B3E869200B57C5D /* LaunchScreen.xib in Resources */ = {isa = PBXBuildFile; fileRef = 760821691B3E869200B57C5D /* LaunchScreen.xib */; };
		760821771B3E869200B57C5D /* HeatSeekTests.m in Sources */ = {isa = PBXBuildFile; fileRef = 760821761B3E869200B57C5D /* HeatSeekTests.m */; };
		7613A6AB1B3E950B005DBCD8 /* libstdc++.dylib in Frameworks */ = {isa = PBXBuildFile; fileRef = 7613A6AA1B3E950B005DBCD8 /* libstdc++.dylib */; };
		7613A6B01B3E9592005DBCD8 /* Accelerate.framework in Frameworks */ = {isa = PBXBuildFile; fileRef = 7613A6A81B3E94FC005DBCD8 /* Accelerate.framework */; };
		7632FA661B3FC075006957BB /* SendToFriendsViewController.m in Sources */ = {isa = PBXBuildFile; fileRef = 7632FA651B3FC075006957BB /* SendToFriendsViewController.m */; };
		7632FA691B3FD286006957BB /* User.m in Sources */ = {isa = PBXBuildFile; fileRef = 7632FA681B3FD286006957BB /* User.m */; };
		7632FA6C1B3FFB82006957BB /* checked.png in Resources */ = {isa = PBXBuildFile; fileRef = 7632FA6A1B3FFB82006957BB /* checked.png */; };
		7632FA6D1B3FFB82006957BB /* unchecked.png in Resources */ = {isa = PBXBuildFile; fileRef = 7632FA6B1B3FFB82006957BB /* unchecked.png */; };
		7632FA6F1B4029BA006957BB /* Coldest.jpg in Resources */ = {isa = PBXBuildFile; fileRef = 7632FA6E1B4029BA006957BB /* Coldest.jpg */; };
		7632FA751B404F44006957BB /* ChallengeTableViewController.m in Sources */ = {isa = PBXBuildFile; fileRef = 7632FA741B404F44006957BB /* ChallengeTableViewController.m */; };
		7632FA781B405B3D006957BB /* SubmitChallengeViewController.m in Sources */ = {isa = PBXBuildFile; fileRef = 7632FA771B405B3D006957BB /* SubmitChallengeViewController.m */; };
		76AEC38D1B3F8B33003ABA5C /* FBLoginViewController.m in Sources */ = {isa = PBXBuildFile; fileRef = 76AEC38C1B3F8B33003ABA5C /* FBLoginViewController.m */; };
		76D2D1361B3F9F24007307BD /* SnapViewController.m in Sources */ = {isa = PBXBuildFile; fileRef = 76D2D1351B3F9F24007307BD /* SnapViewController.m */; };
		76D2D1391B3FA31B007307BD /* ConfirmImageViewController.m in Sources */ = {isa = PBXBuildFile; fileRef = 76D2D1381B3FA31B007307BD /* ConfirmImageViewController.m */; };
		D730BBF61B4091C7002859B8 /* input_2.jpg in Resources */ = {isa = PBXBuildFile; fileRef = D730BBF51B4091C7002859B8 /* input_2.jpg */; };
		D730BBF81B4092D7002859B8 /* submit-button.png in Resources */ = {isa = PBXBuildFile; fileRef = D730BBF71B4092D7002859B8 /* submit-button.png */; };
		D730BBFA1B409479002859B8 /* popper___correct_answer.png in Resources */ = {isa = PBXBuildFile; fileRef = D730BBF91B409479002859B8 /* popper___correct_answer.png */; };
		D742A6E01B40648000221CE7 /* FLIROneSDK.bundle in Resources */ = {isa = PBXBuildFile; fileRef = D742A6DE1B40648000221CE7 /* FLIROneSDK.bundle */; };
		D742A6E11B40648000221CE7 /* FLIROneSDK.framework in Frameworks */ = {isa = PBXBuildFile; fileRef = D742A6DF1B40648000221CE7 /* FLIROneSDK.framework */; };
		D742A6E31B40649800221CE7 /* sampleframes_hq.bundle in Resources */ = {isa = PBXBuildFile; fileRef = D742A6E21B40649800221CE7 /* sampleframes_hq.bundle */; };
		D742A6F11B40667200221CE7 /* challenge.jpg in Resources */ = {isa = PBXBuildFile; fileRef = D742A6E51B40667200221CE7 /* challenge.jpg */; };
		D742A6F21B40667200221CE7 /* check score.jpg in Resources */ = {isa = PBXBuildFile; fileRef = D742A6E61B40667200221CE7 /* check score.jpg */; };
		D742A6F31B40667200221CE7 /* correct answer.jpg in Resources */ = {isa = PBXBuildFile; fileRef = D742A6E71B40667200221CE7 /* correct answer.jpg */; };
		D742A6F41B40667200221CE7 /* INPUT.jpg in Resources */ = {isa = PBXBuildFile; fileRef = D742A6E81B40667200221CE7 /* INPUT.jpg */; };
		D742A6F51B40667200221CE7 /* landingScreen Copy.jpg in Resources */ = {isa = PBXBuildFile; fileRef = D742A6E91B40667200221CE7 /* landingScreen Copy.jpg */; };
		D742A6F61B40667200221CE7 /* leader board.jpg in Resources */ = {isa = PBXBuildFile; fileRef = D742A6EA1B40667200221CE7 /* leader board.jpg */; };
		D742A6F71B40667200221CE7 /* rank.jpg in Resources */ = {isa = PBXBuildFile; fileRef = D742A6EB1B40667200221CE7 /* rank.jpg */; };
		D742A6F81B40667200221CE7 /* ready to send.jpg in Resources */ = {isa = PBXBuildFile; fileRef = D742A6EC1B40667200221CE7 /* ready to send.jpg */; };
		D742A6F91B40667200221CE7 /* send to.jpg in Resources */ = {isa = PBXBuildFile; fileRef = D742A6ED1B40667200221CE7 /* send to.jpg */; };
		D742A6FA1B40667200221CE7 /* status check.jpg in Resources */ = {isa = PBXBuildFile; fileRef = D742A6EE1B40667200221CE7 /* status check.jpg */; };
		D742A6FB1B40667200221CE7 /* take picture.jpg in Resources */ = {isa = PBXBuildFile; fileRef = D742A6EF1B40667200221CE7 /* take picture.jpg */; };
		D742A6FC1B40667200221CE7 /* type num.jpg in Resources */ = {isa = PBXBuildFile; fileRef = D742A6F01B40667200221CE7 /* type num.jpg */; };
		D742A7091B40772600221CE7 /* continute.png in Resources */ = {isa = PBXBuildFile; fileRef = D742A6FE1B40772600221CE7 /* continute.png */; };
		D742A70A1B40772600221CE7 /* HEAT.png in Resources */ = {isa = PBXBuildFile; fileRef = D742A6FF1B40772600221CE7 /* HEAT.png */; };
		D742A70B1B40772600221CE7 /* inbox button.png in Resources */ = {isa = PBXBuildFile; fileRef = D742A7001B40772600221CE7 /* inbox button.png */; };
		D742A70C1B40772600221CE7 /* leaderboard button.png in Resources */ = {isa = PBXBuildFile; fileRef = D742A7011B40772600221CE7 /* leaderboard button.png */; };
		D742A70D1B40772600221CE7 /* menu button.png in Resources */ = {isa = PBXBuildFile; fileRef = D742A7021B40772600221CE7 /* menu button.png */; };
		D742A70E1B40772600221CE7 /* play button.png in Resources */ = {isa = PBXBuildFile; fileRef = D742A7031B40772600221CE7 /* play button.png */; };
		D742A70F1B40772600221CE7 /* retake button.png in Resources */ = {isa = PBXBuildFile; fileRef = D742A7041B40772600221CE7 /* retake button.png */; };
		D742A7101B40772600221CE7 /* send button.png in Resources */ = {isa = PBXBuildFile; fileRef = D742A7051B40772600221CE7 /* send button.png */; };
		D742A7111B40772600221CE7 /* send-switch-button.png in Resources */ = {isa = PBXBuildFile; fileRef = D742A7061B40772600221CE7 /* send-switch-button.png */; };
		D742A7121B40772600221CE7 /* shutter.png in Resources */ = {isa = PBXBuildFile; fileRef = D742A7071B40772600221CE7 /* shutter.png */; };
		D742A7131B40772600221CE7 /* tour button.png in Resources */ = {isa = PBXBuildFile; fileRef = D742A7081B40772600221CE7 /* tour button.png */; };
		D742A7151B40879D00221CE7 /* send_to.jpg in Resources */ = {isa = PBXBuildFile; fileRef = D742A7141B40879D00221CE7 /* send_to.jpg */; };
/* End PBXBuildFile section */

/* Begin PBXContainerItemProxy section */
		760821711B3E869200B57C5D /* PBXContainerItemProxy */ = {
			isa = PBXContainerItemProxy;
			containerPortal = 7608214F1B3E869200B57C5D /* Project object */;
			proxyType = 1;
			remoteGlobalIDString = 760821561B3E869200B57C5D;
			remoteInfo = HeatSeek;
		};
/* End PBXContainerItemProxy section */

/* Begin PBXFileReference section */
		598F8A6A83C5313D25B44C23 /* Pods.release.xcconfig */ = {isa = PBXFileReference; includeInIndex = 1; lastKnownFileType = text.xcconfig; name = Pods.release.xcconfig; path = "Pods/Target Support Files/Pods/Pods.release.xcconfig"; sourceTree = "<group>"; };
		65C5328EC1C2524E44070623 /* Pods.debug.xcconfig */ = {isa = PBXFileReference; includeInIndex = 1; lastKnownFileType = text.xcconfig; name = Pods.debug.xcconfig; path = "Pods/Target Support Files/Pods/Pods.debug.xcconfig"; sourceTree = "<group>"; };
		7607D4801B3F95B3002787A6 /* HomeViewController.h */ = {isa = PBXFileReference; fileEncoding = 4; lastKnownFileType = sourcecode.c.h; path = HomeViewController.h; sourceTree = "<group>"; };
		7607D4811B3F95B3002787A6 /* HomeViewController.m */ = {isa = PBXFileReference; fileEncoding = 4; lastKnownFileType = sourcecode.c.objc; path = HomeViewController.m; sourceTree = "<group>"; };
		760821571B3E869200B57C5D /* HeatSeek.app */ = {isa = PBXFileReference; explicitFileType = wrapper.application; includeInIndex = 0; path = HeatSeek.app; sourceTree = BUILT_PRODUCTS_DIR; };
		7608215B1B3E869200B57C5D /* Info.plist */ = {isa = PBXFileReference; lastKnownFileType = text.plist.xml; path = Info.plist; sourceTree = "<group>"; };
		7608215C1B3E869200B57C5D /* main.m */ = {isa = PBXFileReference; lastKnownFileType = sourcecode.c.objc; path = main.m; sourceTree = "<group>"; };
		7608215E1B3E869200B57C5D /* AppDelegate.h */ = {isa = PBXFileReference; lastKnownFileType = sourcecode.c.h; path = AppDelegate.h; sourceTree = "<group>"; };
		7608215F1B3E869200B57C5D /* AppDelegate.m */ = {isa = PBXFileReference; lastKnownFileType = sourcecode.c.objc; path = AppDelegate.m; sourceTree = "<group>"; };
		760821611B3E869200B57C5D /* ViewController.h */ = {isa = PBXFileReference; lastKnownFileType = sourcecode.c.h; path = ViewController.h; sourceTree = "<group>"; };
		760821621B3E869200B57C5D /* ViewController.m */ = {isa = PBXFileReference; lastKnownFileType = sourcecode.c.objc; path = ViewController.m; sourceTree = "<group>"; };
		760821651B3E869200B57C5D /* Base */ = {isa = PBXFileReference; lastKnownFileType = file.storyboard; name = Base; path = Base.lproj/Main.storyboard; sourceTree = "<group>"; };
		760821671B3E869200B57C5D /* Images.xcassets */ = {isa = PBXFileReference; lastKnownFileType = folder.assetcatalog; path = Images.xcassets; sourceTree = "<group>"; };
		7608216A1B3E869200B57C5D /* Base */ = {isa = PBXFileReference; lastKnownFileType = file.xib; name = Base; path = Base.lproj/LaunchScreen.xib; sourceTree = "<group>"; };
		760821701B3E869200B57C5D /* HeatSeekTests.xctest */ = {isa = PBXFileReference; explicitFileType = wrapper.cfbundle; includeInIndex = 0; path = HeatSeekTests.xctest; sourceTree = BUILT_PRODUCTS_DIR; };
		760821751B3E869200B57C5D /* Info.plist */ = {isa = PBXFileReference; lastKnownFileType = text.plist.xml; path = Info.plist; sourceTree = "<group>"; };
		760821761B3E869200B57C5D /* HeatSeekTests.m */ = {isa = PBXFileReference; lastKnownFileType = sourcecode.c.objc; path = HeatSeekTests.m; sourceTree = "<group>"; };
		7613A6A81B3E94FC005DBCD8 /* Accelerate.framework */ = {isa = PBXFileReference; lastKnownFileType = wrapper.framework; name = Accelerate.framework; path = System/Library/Frameworks/Accelerate.framework; sourceTree = SDKROOT; };
		7613A6AA1B3E950B005DBCD8 /* libstdc++.dylib */ = {isa = PBXFileReference; lastKnownFileType = "compiled.mach-o.dylib"; name = "libstdc++.dylib"; path = "usr/lib/libstdc++.dylib"; sourceTree = SDKROOT; };
		7632FA641B3FC075006957BB /* SendToFriendsViewController.h */ = {isa = PBXFileReference; fileEncoding = 4; lastKnownFileType = sourcecode.c.h; path = SendToFriendsViewController.h; sourceTree = "<group>"; };
		7632FA651B3FC075006957BB /* SendToFriendsViewController.m */ = {isa = PBXFileReference; fileEncoding = 4; lastKnownFileType = sourcecode.c.objc; path = SendToFriendsViewController.m; sourceTree = "<group>"; };
		7632FA671B3FD286006957BB /* User.h */ = {isa = PBXFileReference; fileEncoding = 4; lastKnownFileType = sourcecode.c.h; path = User.h; sourceTree = "<group>"; };
		7632FA681B3FD286006957BB /* User.m */ = {isa = PBXFileReference; fileEncoding = 4; lastKnownFileType = sourcecode.c.objc; path = User.m; sourceTree = "<group>"; };
		7632FA6A1B3FFB82006957BB /* checked.png */ = {isa = PBXFileReference; lastKnownFileType = image.png; path = checked.png; sourceTree = "<group>"; };
		7632FA6B1B3FFB82006957BB /* unchecked.png */ = {isa = PBXFileReference; lastKnownFileType = image.png; path = unchecked.png; sourceTree = "<group>"; };
		7632FA6E1B4029BA006957BB /* Coldest.jpg */ = {isa = PBXFileReference; lastKnownFileType = image.jpeg; path = Coldest.jpg; sourceTree = "<group>"; };
		7632FA731B404F44006957BB /* ChallengeTableViewController.h */ = {isa = PBXFileReference; fileEncoding = 4; lastKnownFileType = sourcecode.c.h; path = ChallengeTableViewController.h; sourceTree = "<group>"; };
		7632FA741B404F44006957BB /* ChallengeTableViewController.m */ = {isa = PBXFileReference; fileEncoding = 4; lastKnownFileType = sourcecode.c.objc; path = ChallengeTableViewController.m; sourceTree = "<group>"; };
		7632FA761B405B3D006957BB /* SubmitChallengeViewController.h */ = {isa = PBXFileReference; fileEncoding = 4; lastKnownFileType = sourcecode.c.h; path = SubmitChallengeViewController.h; sourceTree = "<group>"; };
		7632FA771B405B3D006957BB /* SubmitChallengeViewController.m */ = {isa = PBXFileReference; fileEncoding = 4; lastKnownFileType = sourcecode.c.objc; path = SubmitChallengeViewController.m; sourceTree = "<group>"; };
		76AEC38B1B3F8B33003ABA5C /* FBLoginViewController.h */ = {isa = PBXFileReference; fileEncoding = 4; lastKnownFileType = sourcecode.c.h; path = FBLoginViewController.h; sourceTree = "<group>"; };
		76AEC38C1B3F8B33003ABA5C /* FBLoginViewController.m */ = {isa = PBXFileReference; fileEncoding = 4; lastKnownFileType = sourcecode.c.objc; path = FBLoginViewController.m; sourceTree = "<group>"; };
		76D2D1341B3F9F24007307BD /* SnapViewController.h */ = {isa = PBXFileReference; fileEncoding = 4; lastKnownFileType = sourcecode.c.h; path = SnapViewController.h; sourceTree = "<group>"; };
		76D2D1351B3F9F24007307BD /* SnapViewController.m */ = {isa = PBXFileReference; fileEncoding = 4; lastKnownFileType = sourcecode.c.objc; path = SnapViewController.m; sourceTree = "<group>"; };
		76D2D1371B3FA31B007307BD /* ConfirmImageViewController.h */ = {isa = PBXFileReference; fileEncoding = 4; lastKnownFileType = sourcecode.c.h; path = ConfirmImageViewController.h; sourceTree = "<group>"; };
		76D2D1381B3FA31B007307BD /* ConfirmImageViewController.m */ = {isa = PBXFileReference; fileEncoding = 4; lastKnownFileType = sourcecode.c.objc; path = ConfirmImageViewController.m; sourceTree = "<group>"; };
		76DD7ED0840DE2DB7C3F13A5 /* libPods.a */ = {isa = PBXFileReference; explicitFileType = archive.ar; includeInIndex = 0; path = libPods.a; sourceTree = BUILT_PRODUCTS_DIR; };
		D730BBF51B4091C7002859B8 /* input_2.jpg */ = {isa = PBXFileReference; lastKnownFileType = image.jpeg; name = input_2.jpg; path = ../input_2.jpg; sourceTree = "<group>"; };
		D730BBF71B4092D7002859B8 /* submit-button.png */ = {isa = PBXFileReference; lastKnownFileType = image.png; path = "submit-button.png"; sourceTree = "<group>"; };
		D730BBF91B409479002859B8 /* popper___correct_answer.png */ = {isa = PBXFileReference; lastKnownFileType = image.png; path = "popper___correct_answer.png"; sourceTree = "<group>"; };
		D742A6DE1B40648000221CE7 /* FLIROneSDK.bundle */ = {isa = PBXFileReference; lastKnownFileType = "wrapper.plug-in"; path = FLIROneSDK.bundle; sourceTree = "<group>"; };
		D742A6DF1B40648000221CE7 /* FLIROneSDK.framework */ = {isa = PBXFileReference; lastKnownFileType = wrapper.framework; path = FLIROneSDK.framework; sourceTree = "<group>"; };
		D742A6E21B40649800221CE7 /* sampleframes_hq.bundle */ = {isa = PBXFileReference; lastKnownFileType = "wrapper.plug-in"; path = sampleframes_hq.bundle; sourceTree = "<group>"; };
		D742A6E51B40667200221CE7 /* challenge.jpg */ = {isa = PBXFileReference; lastKnownFileType = image.jpeg; path = challenge.jpg; sourceTree = "<group>"; };
		D742A6E61B40667200221CE7 /* check score.jpg */ = {isa = PBXFileReference; lastKnownFileType = image.jpeg; path = "check score.jpg"; sourceTree = "<group>"; };
		D742A6E71B40667200221CE7 /* correct answer.jpg */ = {isa = PBXFileReference; lastKnownFileType = image.jpeg; path = "correct answer.jpg"; sourceTree = "<group>"; };
		D742A6E81B40667200221CE7 /* INPUT.jpg */ = {isa = PBXFileReference; lastKnownFileType = image.jpeg; path = INPUT.jpg; sourceTree = "<group>"; };
		D742A6E91B40667200221CE7 /* landingScreen Copy.jpg */ = {isa = PBXFileReference; lastKnownFileType = image.jpeg; path = "landingScreen Copy.jpg"; sourceTree = "<group>"; };
		D742A6EA1B40667200221CE7 /* leader board.jpg */ = {isa = PBXFileReference; lastKnownFileType = image.jpeg; path = "leader board.jpg"; sourceTree = "<group>"; };
		D742A6EB1B40667200221CE7 /* rank.jpg */ = {isa = PBXFileReference; lastKnownFileType = image.jpeg; path = rank.jpg; sourceTree = "<group>"; };
		D742A6EC1B40667200221CE7 /* ready to send.jpg */ = {isa = PBXFileReference; lastKnownFileType = image.jpeg; path = "ready to send.jpg"; sourceTree = "<group>"; };
		D742A6ED1B40667200221CE7 /* send to.jpg */ = {isa = PBXFileReference; lastKnownFileType = image.jpeg; path = "send to.jpg"; sourceTree = "<group>"; };
		D742A6EE1B40667200221CE7 /* status check.jpg */ = {isa = PBXFileReference; lastKnownFileType = image.jpeg; path = "status check.jpg"; sourceTree = "<group>"; };
		D742A6EF1B40667200221CE7 /* take picture.jpg */ = {isa = PBXFileReference; lastKnownFileType = image.jpeg; path = "take picture.jpg"; sourceTree = "<group>"; };
		D742A6F01B40667200221CE7 /* type num.jpg */ = {isa = PBXFileReference; lastKnownFileType = image.jpeg; path = "type num.jpg"; sourceTree = "<group>"; };
		D742A6FE1B40772600221CE7 /* continute.png */ = {isa = PBXFileReference; lastKnownFileType = image.png; path = continute.png; sourceTree = "<group>"; };
		D742A6FF1B40772600221CE7 /* HEAT.png */ = {isa = PBXFileReference; lastKnownFileType = image.png; path = HEAT.png; sourceTree = "<group>"; };
		D742A7001B40772600221CE7 /* inbox button.png */ = {isa = PBXFileReference; lastKnownFileType = image.png; path = "inbox button.png"; sourceTree = "<group>"; };
		D742A7011B40772600221CE7 /* leaderboard button.png */ = {isa = PBXFileReference; lastKnownFileType = image.png; path = "leaderboard button.png"; sourceTree = "<group>"; };
		D742A7021B40772600221CE7 /* menu button.png */ = {isa = PBXFileReference; lastKnownFileType = image.png; path = "menu button.png"; sourceTree = "<group>"; };
		D742A7031B40772600221CE7 /* play button.png */ = {isa = PBXFileReference; lastKnownFileType = image.png; path = "play button.png"; sourceTree = "<group>"; };
		D742A7041B40772600221CE7 /* retake button.png */ = {isa = PBXFileReference; lastKnownFileType = image.png; path = "retake button.png"; sourceTree = "<group>"; };
		D742A7051B40772600221CE7 /* send button.png */ = {isa = PBXFileReference; lastKnownFileType = image.png; path = "send button.png"; sourceTree = "<group>"; };
		D742A7061B40772600221CE7 /* send-switch-button.png */ = {isa = PBXFileReference; lastKnownFileType = image.png; path = "send-switch-button.png"; sourceTree = "<group>"; };
		D742A7071B40772600221CE7 /* shutter.png */ = {isa = PBXFileReference; lastKnownFileType = image.png; path = shutter.png; sourceTree = "<group>"; };
		D742A7081B40772600221CE7 /* tour button.png */ = {isa = PBXFileReference; lastKnownFileType = image.png; path = "tour button.png"; sourceTree = "<group>"; };
		D742A7141B40879D00221CE7 /* send_to.jpg */ = {isa = PBXFileReference; lastKnownFileType = image.jpeg; path = send_to.jpg; sourceTree = "<group>"; };
/* End PBXFileReference section */

/* Begin PBXFrameworksBuildPhase section */
		760821541B3E869200B57C5D /* Frameworks */ = {
			isa = PBXFrameworksBuildPhase;
			buildActionMask = 2147483647;
			files = (
				7613A6B01B3E9592005DBCD8 /* Accelerate.framework in Frameworks */,
				D742A6E11B40648000221CE7 /* FLIROneSDK.framework in Frameworks */,
				7613A6AB1B3E950B005DBCD8 /* libstdc++.dylib in Frameworks */,
				68F40AC0B743CAAA0148536E /* libPods.a in Frameworks */,
			);
			runOnlyForDeploymentPostprocessing = 0;
		};
		7608216D1B3E869200B57C5D /* Frameworks */ = {
			isa = PBXFrameworksBuildPhase;
			buildActionMask = 2147483647;
			files = (
			);
			runOnlyForDeploymentPostprocessing = 0;
		};
/* End PBXFrameworksBuildPhase section */

/* Begin PBXGroup section */
		7608214E1B3E869200B57C5D = {
			isa = PBXGroup;
			children = (
				760821591B3E869200B57C5D /* HeatSeek */,
				760821731B3E869200B57C5D /* HeatSeekTests */,
				760821581B3E869200B57C5D /* Products */,
				FFA972C7AA996ED6116DB9C9 /* Pods */,
				D3BD5F3BF264B3131713C872 /* Frameworks */,
			);
			sourceTree = "<group>";
		};
		760821581B3E869200B57C5D /* Products */ = {
			isa = PBXGroup;
			children = (
				760821571B3E869200B57C5D /* HeatSeek.app */,
				760821701B3E869200B57C5D /* HeatSeekTests.xctest */,
			);
			name = Products;
			sourceTree = "<group>";
		};
		760821591B3E869200B57C5D /* HeatSeek */ = {
			isa = PBXGroup;
			children = (
				D742A6E21B40649800221CE7 /* sampleframes_hq.bundle */,
				7608215E1B3E869200B57C5D /* AppDelegate.h */,
				7608215F1B3E869200B57C5D /* AppDelegate.m */,
				7632FA641B3FC075006957BB /* SendToFriendsViewController.h */,
				7632FA651B3FC075006957BB /* SendToFriendsViewController.m */,
				760821611B3E869200B57C5D /* ViewController.h */,
				7632FA6A1B3FFB82006957BB /* checked.png */,
				7632FA6B1B3FFB82006957BB /* unchecked.png */,
				760821621B3E869200B57C5D /* ViewController.m */,
				760821641B3E869200B57C5D /* Main.storyboard */,
				760821671B3E869200B57C5D /* Images.xcassets */,
				760821691B3E869200B57C5D /* LaunchScreen.xib */,
				7608215A1B3E869200B57C5D /* Supporting Files */,
				76AEC38B1B3F8B33003ABA5C /* FBLoginViewController.h */,
				76AEC38C1B3F8B33003ABA5C /* FBLoginViewController.m */,
				7632FA6E1B4029BA006957BB /* Coldest.jpg */,
				7607D4801B3F95B3002787A6 /* HomeViewController.h */,
				7607D4811B3F95B3002787A6 /* HomeViewController.m */,
				76D2D1341B3F9F24007307BD /* SnapViewController.h */,
				76D2D1351B3F9F24007307BD /* SnapViewController.m */,
				76D2D1371B3FA31B007307BD /* ConfirmImageViewController.h */,
				76D2D1381B3FA31B007307BD /* ConfirmImageViewController.m */,
				7632FA671B3FD286006957BB /* User.h */,
				7632FA681B3FD286006957BB /* User.m */,
				7632FA731B404F44006957BB /* ChallengeTableViewController.h */,
				7632FA741B404F44006957BB /* ChallengeTableViewController.m */,
				7632FA761B405B3D006957BB /* SubmitChallengeViewController.h */,
				7632FA771B405B3D006957BB /* SubmitChallengeViewController.m */,
			);
			path = HeatSeek;
			sourceTree = "<group>";
		};
		7608215A1B3E869200B57C5D /* Supporting Files */ = {
			isa = PBXGroup;
			children = (
				D742A6E41B40667200221CE7 /* underlay */,
				7608215B1B3E869200B57C5D /* Info.plist */,
				D742A6DE1B40648000221CE7 /* FLIROneSDK.bundle */,
				D742A6DF1B40648000221CE7 /* FLIROneSDK.framework */,
				7608215C1B3E869200B57C5D /* main.m */,
			);
			name = "Supporting Files";
			sourceTree = "<group>";
		};
		760821731B3E869200B57C5D /* HeatSeekTests */ = {
			isa = PBXGroup;
			children = (
				760821761B3E869200B57C5D /* HeatSeekTests.m */,
				760821741B3E869200B57C5D /* Supporting Files */,
			);
			path = HeatSeekTests;
			sourceTree = "<group>";
		};
		760821741B3E869200B57C5D /* Supporting Files */ = {
			isa = PBXGroup;
			children = (
				760821751B3E869200B57C5D /* Info.plist */,
			);
			name = "Supporting Files";
			sourceTree = "<group>";
		};
		D3BD5F3BF264B3131713C872 /* Frameworks */ = {
			isa = PBXGroup;
			children = (
				7613A6A81B3E94FC005DBCD8 /* Accelerate.framework */,
				7613A6AA1B3E950B005DBCD8 /* libstdc++.dylib */,
				76DD7ED0840DE2DB7C3F13A5 /* libPods.a */,
			);
			name = Frameworks;
			sourceTree = "<group>";
		};
		D742A6E41B40667200221CE7 /* underlay */ = {
			isa = PBXGroup;
			children = (
				D730BBF91B409479002859B8 /* popper___correct_answer.png */,
				D742A7141B40879D00221CE7 /* send_to.jpg */,
				D730BBF51B4091C7002859B8 /* input_2.jpg */,
				D742A6FE1B40772600221CE7 /* continute.png */,
				D730BBF71B4092D7002859B8 /* submit-button.png */,
				D742A6FF1B40772600221CE7 /* HEAT.png */,
				D742A7001B40772600221CE7 /* inbox button.png */,
				D742A7011B40772600221CE7 /* leaderboard button.png */,
				D742A7021B40772600221CE7 /* menu button.png */,
				D742A7031B40772600221CE7 /* play button.png */,
				D742A7041B40772600221CE7 /* retake button.png */,
				D742A7051B40772600221CE7 /* send button.png */,
				D742A7061B40772600221CE7 /* send-switch-button.png */,
				D742A7071B40772600221CE7 /* shutter.png */,
				D742A7081B40772600221CE7 /* tour button.png */,
				D742A6E51B40667200221CE7 /* challenge.jpg */,
				D742A6E61B40667200221CE7 /* check score.jpg */,
				D742A6E71B40667200221CE7 /* correct answer.jpg */,
				D742A6E81B40667200221CE7 /* INPUT.jpg */,
				D742A6E91B40667200221CE7 /* landingScreen Copy.jpg */,
				D742A6EA1B40667200221CE7 /* leader board.jpg */,
				D742A6EB1B40667200221CE7 /* rank.jpg */,
				D742A6EC1B40667200221CE7 /* ready to send.jpg */,
				D742A6ED1B40667200221CE7 /* send to.jpg */,
				D742A6EE1B40667200221CE7 /* status check.jpg */,
				D742A6EF1B40667200221CE7 /* take picture.jpg */,
				D742A6F01B40667200221CE7 /* type num.jpg */,
			);
			path = underlay;
			sourceTree = "<group>";
		};
		FFA972C7AA996ED6116DB9C9 /* Pods */ = {
			isa = PBXGroup;
			children = (
				65C5328EC1C2524E44070623 /* Pods.debug.xcconfig */,
				598F8A6A83C5313D25B44C23 /* Pods.release.xcconfig */,
			);
			name = Pods;
			sourceTree = "<group>";
		};
/* End PBXGroup section */

/* Begin PBXNativeTarget section */
		760821561B3E869200B57C5D /* HeatSeek */ = {
			isa = PBXNativeTarget;
			buildConfigurationList = 7608217A1B3E869200B57C5D /* Build configuration list for PBXNativeTarget "HeatSeek" */;
			buildPhases = (
				2CE195F1B27109FCE41E363E /* Check Pods Manifest.lock */,
				760821531B3E869200B57C5D /* Sources */,
				760821541B3E869200B57C5D /* Frameworks */,
				760821551B3E869200B57C5D /* Resources */,
				6F5BDD9D695A176747A0BDD2 /* Copy Pods Resources */,
			);
			buildRules = (
			);
			dependencies = (
			);
			name = HeatSeek;
			productName = HeatSeek;
			productReference = 760821571B3E869200B57C5D /* HeatSeek.app */;
			productType = "com.apple.product-type.application";
		};
		7608216F1B3E869200B57C5D /* HeatSeekTests */ = {
			isa = PBXNativeTarget;
			buildConfigurationList = 7608217D1B3E869200B57C5D /* Build configuration list for PBXNativeTarget "HeatSeekTests" */;
			buildPhases = (
				7608216C1B3E869200B57C5D /* Sources */,
				7608216D1B3E869200B57C5D /* Frameworks */,
				7608216E1B3E869200B57C5D /* Resources */,
			);
			buildRules = (
			);
			dependencies = (
				760821721B3E869200B57C5D /* PBXTargetDependency */,
			);
			name = HeatSeekTests;
			productName = HeatSeekTests;
			productReference = 760821701B3E869200B57C5D /* HeatSeekTests.xctest */;
			productType = "com.apple.product-type.bundle.unit-test";
		};
/* End PBXNativeTarget section */

/* Begin PBXProject section */
		7608214F1B3E869200B57C5D /* Project object */ = {
			isa = PBXProject;
			attributes = {
				LastUpgradeCheck = 0630;
				ORGANIZATIONNAME = "Naseem Al-Naji";
				TargetAttributes = {
					760821561B3E869200B57C5D = {
						CreatedOnToolsVersion = 6.3.2;
					};
					7608216F1B3E869200B57C5D = {
						CreatedOnToolsVersion = 6.3.2;
						TestTargetID = 760821561B3E869200B57C5D;
					};
				};
			};
			buildConfigurationList = 760821521B3E869200B57C5D /* Build configuration list for PBXProject "HeatSeek" */;
			compatibilityVersion = "Xcode 3.2";
			developmentRegion = English;
			hasScannedForEncodings = 0;
			knownRegions = (
				en,
				Base,
			);
			mainGroup = 7608214E1B3E869200B57C5D;
			productRefGroup = 760821581B3E869200B57C5D /* Products */;
			projectDirPath = "";
			projectRoot = "";
			targets = (
				760821561B3E869200B57C5D /* HeatSeek */,
				7608216F1B3E869200B57C5D /* HeatSeekTests */,
			);
		};
/* End PBXProject section */

/* Begin PBXResourcesBuildPhase section */
		760821551B3E869200B57C5D /* Resources */ = {
			isa = PBXResourcesBuildPhase;
			buildActionMask = 2147483647;
			files = (
				D742A7101B40772600221CE7 /* send button.png in Resources */,
				D730BBF81B4092D7002859B8 /* submit-button.png in Resources */,
				D742A6F21B40667200221CE7 /* check score.jpg in Resources */,
				D742A6FC1B40667200221CE7 /* type num.jpg in Resources */,
				D742A70C1B40772600221CE7 /* leaderboard button.png in Resources */,
				D742A7131B40772600221CE7 /* tour button.png in Resources */,
				D742A70D1B40772600221CE7 /* menu button.png in Resources */,
				D742A7151B40879D00221CE7 /* send_to.jpg in Resources */,
				D742A7091B40772600221CE7 /* continute.png in Resources */,
				D742A6F91B40667200221CE7 /* send to.jpg in Resources */,
				D742A6F71B40667200221CE7 /* rank.jpg in Resources */,
				D730BBFA1B409479002859B8 /* popper___correct_answer.png in Resources */,
				D742A7111B40772600221CE7 /* send-switch-button.png in Resources */,
				D742A6F81B40667200221CE7 /* ready to send.jpg in Resources */,
				D742A6F31B40667200221CE7 /* correct answer.jpg in Resources */,
				D742A6FA1B40667200221CE7 /* status check.jpg in Resources */,
				D742A6F61B40667200221CE7 /* leader board.jpg in Resources */,
				D742A6F51B40667200221CE7 /* landingScreen Copy.jpg in Resources */,
				D730BBF61B4091C7002859B8 /* input_2.jpg in Resources */,
				D742A70E1B40772600221CE7 /* play button.png in Resources */,
				D742A6F11B40667200221CE7 /* challenge.jpg in Resources */,
				7632FA6F1B4029BA006957BB /* Coldest.jpg in Resources */,
				D742A6F41B40667200221CE7 /* INPUT.jpg in Resources */,
				D742A6E01B40648000221CE7 /* FLIROneSDK.bundle in Resources */,
				D742A7121B40772600221CE7 /* shutter.png in Resources */,
				760821661B3E869200B57C5D /* Main.storyboard in Resources */,
				7608216B1B3E869200B57C5D /* LaunchScreen.xib in Resources */,
				D742A70B1B40772600221CE7 /* inbox button.png in Resources */,
				7632FA6C1B3FFB82006957BB /* checked.png in Resources */,
				D742A70F1B40772600221CE7 /* retake button.png in Resources */,
				760821681B3E869200B57C5D /* Images.xcassets in Resources */,
				D742A6E31B40649800221CE7 /* sampleframes_hq.bundle in Resources */,
				D742A6FB1B40667200221CE7 /* take picture.jpg in Resources */,
				7632FA6D1B3FFB82006957BB /* unchecked.png in Resources */,
				D742A70A1B40772600221CE7 /* HEAT.png in Resources */,
			);
			runOnlyForDeploymentPostprocessing = 0;
		};
		7608216E1B3E869200B57C5D /* Resources */ = {
			isa = PBXResourcesBuildPhase;
			buildActionMask = 2147483647;
			files = (
			);
			runOnlyForDeploymentPostprocessing = 0;
		};
/* End PBXResourcesBuildPhase section */

/* Begin PBXShellScriptBuildPhase section */
		2CE195F1B27109FCE41E363E /* Check Pods Manifest.lock */ = {
			isa = PBXShellScriptBuildPhase;
			buildActionMask = 2147483647;
			files = (
			);
			inputPaths = (
			);
			name = "Check Pods Manifest.lock";
			outputPaths = (
			);
			runOnlyForDeploymentPostprocessing = 0;
			shellPath = /bin/sh;
			shellScript = "diff \"${PODS_ROOT}/../Podfile.lock\" \"${PODS_ROOT}/Manifest.lock\" > /dev/null\nif [[ $? != 0 ]] ; then\n    cat << EOM\nerror: The sandbox is not in sync with the Podfile.lock. Run 'pod install' or update your CocoaPods installation.\nEOM\n    exit 1\nfi\n";
			showEnvVarsInLog = 0;
		};
		6F5BDD9D695A176747A0BDD2 /* Copy Pods Resources */ = {
			isa = PBXShellScriptBuildPhase;
			buildActionMask = 2147483647;
			files = (
			);
			inputPaths = (
			);
			name = "Copy Pods Resources";
			outputPaths = (
			);
			runOnlyForDeploymentPostprocessing = 0;
			shellPath = /bin/sh;
			shellScript = "\"${SRCROOT}/Pods/Target Support Files/Pods/Pods-resources.sh\"\n";
			showEnvVarsInLog = 0;
		};
/* End PBXShellScriptBuildPhase section */

/* Begin PBXSourcesBuildPhase section */
		760821531B3E869200B57C5D /* Sources */ = {
			isa = PBXSourcesBuildPhase;
			buildActionMask = 2147483647;
			files = (
				760821631B3E869200B57C5D /* ViewController.m in Sources */,
				760821601B3E869200B57C5D /* AppDelegate.m in Sources */,
				7632FA691B3FD286006957BB /* User.m in Sources */,
				7632FA751B404F44006957BB /* ChallengeTableViewController.m in Sources */,
				76AEC38D1B3F8B33003ABA5C /* FBLoginViewController.m in Sources */,
				7632FA781B405B3D006957BB /* SubmitChallengeViewController.m in Sources */,
				7607D4821B3F95B3002787A6 /* HomeViewController.m in Sources */,
				76D2D1361B3F9F24007307BD /* SnapViewController.m in Sources */,
				76D2D1391B3FA31B007307BD /* ConfirmImageViewController.m in Sources */,
				7608215D1B3E869200B57C5D /* main.m in Sources */,
				7632FA661B3FC075006957BB /* SendToFriendsViewController.m in Sources */,
			);
			runOnlyForDeploymentPostprocessing = 0;
		};
		7608216C1B3E869200B57C5D /* Sources */ = {
			isa = PBXSourcesBuildPhase;
			buildActionMask = 2147483647;
			files = (
				760821771B3E869200B57C5D /* HeatSeekTests.m in Sources */,
			);
			runOnlyForDeploymentPostprocessing = 0;
		};
/* End PBXSourcesBuildPhase section */

/* Begin PBXTargetDependency section */
		760821721B3E869200B57C5D /* PBXTargetDependency */ = {
			isa = PBXTargetDependency;
			target = 760821561B3E869200B57C5D /* HeatSeek */;
			targetProxy = 760821711B3E869200B57C5D /* PBXContainerItemProxy */;
		};
/* End PBXTargetDependency section */

/* Begin PBXVariantGroup section */
		760821641B3E869200B57C5D /* Main.storyboard */ = {
			isa = PBXVariantGroup;
			children = (
				760821651B3E869200B57C5D /* Base */,
			);
			name = Main.storyboard;
			sourceTree = "<group>";
		};
		760821691B3E869200B57C5D /* LaunchScreen.xib */ = {
			isa = PBXVariantGroup;
			children = (
				7608216A1B3E869200B57C5D /* Base */,
			);
			name = LaunchScreen.xib;
			sourceTree = "<group>";
		};
/* End PBXVariantGroup section */

/* Begin XCBuildConfiguration section */
		760821781B3E869200B57C5D /* Debug */ = {
			isa = XCBuildConfiguration;
			buildSettings = {
				ALWAYS_SEARCH_USER_PATHS = NO;
				CLANG_CXX_LANGUAGE_STANDARD = "gnu++0x";
				CLANG_CXX_LIBRARY = "libc++";
				CLANG_ENABLE_MODULES = YES;
				CLANG_ENABLE_OBJC_ARC = YES;
				CLANG_WARN_BOOL_CONVERSION = YES;
				CLANG_WARN_CONSTANT_CONVERSION = YES;
				CLANG_WARN_DIRECT_OBJC_ISA_USAGE = YES_ERROR;
				CLANG_WARN_EMPTY_BODY = YES;
				CLANG_WARN_ENUM_CONVERSION = YES;
				CLANG_WARN_INT_CONVERSION = YES;
				CLANG_WARN_OBJC_ROOT_CLASS = YES_ERROR;
				CLANG_WARN_UNREACHABLE_CODE = YES;
				CLANG_WARN__DUPLICATE_METHOD_MATCH = YES;
				"CODE_SIGN_IDENTITY[sdk=iphoneos*]" = "iPhone Developer";
				COPY_PHASE_STRIP = NO;
				DEBUG_INFORMATION_FORMAT = "dwarf-with-dsym";
				ENABLE_STRICT_OBJC_MSGSEND = YES;
				GCC_C_LANGUAGE_STANDARD = gnu99;
				GCC_DYNAMIC_NO_PIC = NO;
				GCC_NO_COMMON_BLOCKS = YES;
				GCC_OPTIMIZATION_LEVEL = 0;
				GCC_PREPROCESSOR_DEFINITIONS = (
					"DEBUG=1",
					"$(inherited)",
				);
				GCC_SYMBOLS_PRIVATE_EXTERN = NO;
				GCC_WARN_64_TO_32_BIT_CONVERSION = YES;
				GCC_WARN_ABOUT_RETURN_TYPE = YES_ERROR;
				GCC_WARN_UNDECLARED_SELECTOR = YES;
				GCC_WARN_UNINITIALIZED_AUTOS = YES_AGGRESSIVE;
				GCC_WARN_UNUSED_FUNCTION = YES;
				GCC_WARN_UNUSED_VARIABLE = YES;
				IPHONEOS_DEPLOYMENT_TARGET = 8.3;
				MTL_ENABLE_DEBUG_INFO = YES;
				ONLY_ACTIVE_ARCH = YES;
				SDKROOT = iphoneos;
				TARGETED_DEVICE_FAMILY = "1,2";
			};
			name = Debug;
		};
		760821791B3E869200B57C5D /* Release */ = {
			isa = XCBuildConfiguration;
			buildSettings = {
				ALWAYS_SEARCH_USER_PATHS = NO;
				CLANG_CXX_LANGUAGE_STANDARD = "gnu++0x";
				CLANG_CXX_LIBRARY = "libc++";
				CLANG_ENABLE_MODULES = YES;
				CLANG_ENABLE_OBJC_ARC = YES;
				CLANG_WARN_BOOL_CONVERSION = YES;
				CLANG_WARN_CONSTANT_CONVERSION = YES;
				CLANG_WARN_DIRECT_OBJC_ISA_USAGE = YES_ERROR;
				CLANG_WARN_EMPTY_BODY = YES;
				CLANG_WARN_ENUM_CONVERSION = YES;
				CLANG_WARN_INT_CONVERSION = YES;
				CLANG_WARN_OBJC_ROOT_CLASS = YES_ERROR;
				CLANG_WARN_UNREACHABLE_CODE = YES;
				CLANG_WARN__DUPLICATE_METHOD_MATCH = YES;
				"CODE_SIGN_IDENTITY[sdk=iphoneos*]" = "iPhone Developer";
				COPY_PHASE_STRIP = NO;
				DEBUG_INFORMATION_FORMAT = "dwarf-with-dsym";
				ENABLE_NS_ASSERTIONS = NO;
				ENABLE_STRICT_OBJC_MSGSEND = YES;
				GCC_C_LANGUAGE_STANDARD = gnu99;
				GCC_NO_COMMON_BLOCKS = YES;
				GCC_WARN_64_TO_32_BIT_CONVERSION = YES;
				GCC_WARN_ABOUT_RETURN_TYPE = YES_ERROR;
				GCC_WARN_UNDECLARED_SELECTOR = YES;
				GCC_WARN_UNINITIALIZED_AUTOS = YES_AGGRESSIVE;
				GCC_WARN_UNUSED_FUNCTION = YES;
				GCC_WARN_UNUSED_VARIABLE = YES;
				IPHONEOS_DEPLOYMENT_TARGET = 8.3;
				MTL_ENABLE_DEBUG_INFO = NO;
				SDKROOT = iphoneos;
				TARGETED_DEVICE_FAMILY = "1,2";
				VALIDATE_PRODUCT = YES;
			};
			name = Release;
		};
		7608217B1B3E869200B57C5D /* Debug */ = {
			isa = XCBuildConfiguration;
			baseConfigurationReference = 65C5328EC1C2524E44070623 /* Pods.debug.xcconfig */;
			buildSettings = {
				ASSETCATALOG_COMPILER_APPICON_NAME = AppIcon;
				FRAMEWORK_SEARCH_PATHS = (
					"$(inherited)",
					"$(PROJECT_DIR)",
					"$(PROJECT_DIR)/HeatSeek",
				);
				INFOPLIST_FILE = HeatSeek/Info.plist;
				IPHONEOS_DEPLOYMENT_TARGET = 8.0;
				LD_RUNPATH_SEARCH_PATHS = "$(inherited) @executable_path/Frameworks";
				PRODUCT_NAME = "$(TARGET_NAME)";
			};
			name = Debug;
		};
		7608217C1B3E869200B57C5D /* Release */ = {
			isa = XCBuildConfiguration;
			baseConfigurationReference = 598F8A6A83C5313D25B44C23 /* Pods.release.xcconfig */;
			buildSettings = {
				ASSETCATALOG_COMPILER_APPICON_NAME = AppIcon;
				FRAMEWORK_SEARCH_PATHS = (
					"$(inherited)",
					"$(PROJECT_DIR)",
					"$(PROJECT_DIR)/HeatSeek",
				);
				INFOPLIST_FILE = HeatSeek/Info.plist;
				IPHONEOS_DEPLOYMENT_TARGET = 8.0;
				LD_RUNPATH_SEARCH_PATHS = "$(inherited) @executable_path/Frameworks";
				PRODUCT_NAME = "$(TARGET_NAME)";
			};
			name = Release;
		};
		7608217E1B3E869200B57C5D /* Debug */ = {
			isa = XCBuildConfiguration;
			buildSettings = {
				BUNDLE_LOADER = "$(TEST_HOST)";
				FRAMEWORK_SEARCH_PATHS = (
					"$(SDKROOT)/Developer/Library/Frameworks",
					"$(inherited)",
				);
				GCC_PREPROCESSOR_DEFINITIONS = (
					"DEBUG=1",
					"$(inherited)",
				);
				INFOPLIST_FILE = HeatSeekTests/Info.plist;
				LD_RUNPATH_SEARCH_PATHS = "$(inherited) @executable_path/Frameworks @loader_path/Frameworks";
				PRODUCT_NAME = "$(TARGET_NAME)";
				TEST_HOST = "$(BUILT_PRODUCTS_DIR)/HeatSeek.app/HeatSeek";
			};
			name = Debug;
		};
		7608217F1B3E869200B57C5D /* Release */ = {
			isa = XCBuildConfiguration;
			buildSettings = {
				BUNDLE_LOADER = "$(TEST_HOST)";
				FRAMEWORK_SEARCH_PATHS = (
					"$(SDKROOT)/Developer/Library/Frameworks",
					"$(inherited)",
				);
				INFOPLIST_FILE = HeatSeekTests/Info.plist;
				LD_RUNPATH_SEARCH_PATHS = "$(inherited) @executable_path/Frameworks @loader_path/Frameworks";
				PRODUCT_NAME = "$(TARGET_NAME)";
				TEST_HOST = "$(BUILT_PRODUCTS_DIR)/HeatSeek.app/HeatSeek";
			};
			name = Release;
		};
/* End XCBuildConfiguration section */

/* Begin XCConfigurationList section */
		760821521B3E869200B57C5D /* Build configuration list for PBXProject "HeatSeek" */ = {
			isa = XCConfigurationList;
			buildConfigurations = (
				760821781B3E869200B57C5D /* Debug */,
				760821791B3E869200B57C5D /* Release */,
			);
			defaultConfigurationIsVisible = 0;
			defaultConfigurationName = Release;
		};
		7608217A1B3E869200B57C5D /* Build configuration list for PBXNativeTarget "HeatSeek" */ = {
			isa = XCConfigurationList;
			buildConfigurations = (
				7608217B1B3E869200B57C5D /* Debug */,
				7608217C1B3E869200B57C5D /* Release */,
			);
			defaultConfigurationIsVisible = 0;
			defaultConfigurationName = Release;
		};
		7608217D1B3E869200B57C5D /* Build configuration list for PBXNativeTarget "HeatSeekTests" */ = {
			isa = XCConfigurationList;
			buildConfigurations = (
				7608217E1B3E869200B57C5D /* Debug */,
				7608217F1B3E869200B57C5D /* Release */,
			);
			defaultConfigurationIsVisible = 0;
			defaultConfigurationName = Release;
		};
/* End XCConfigurationList section */
	};
	rootObject = 7608214F1B3E869200B57C5D /* Project object */;
}
